// !$*UTF8*$!
{
	archiveVersion = 1;
	classes = {
	};
	objectVersion = 46;
	objects = {

/* Begin PBXBuildFile section */
		1230C9431EE9AAF400A4FF63 /* CUDetailCamView.xib in Resources */ = {isa = PBXBuildFile; fileRef = 1230C9421EE9AAF400A4FF63 /* CUDetailCamView.xib */; };
		1277AF101EEB08F700EE9EF8 /* MapKit.framework in Frameworks */ = {isa = PBXBuildFile; fileRef = 1277AF0F1EEB08F700EE9EF8 /* MapKit.framework */; };
		129209741EE0ACD100F9CCE0 /* Login.storyboard in Resources */ = {isa = PBXBuildFile; fileRef = 129209731EE0ACD100F9CCE0 /* Login.storyboard */; };
		12C9F63E1ED834B500BB4902 /* SMSViewController.swift in Sources */ = {isa = PBXBuildFile; fileRef = 12C9F63D1ED834B500BB4902 /* SMSViewController.swift */; };
		12C9F6401ED866D400BB4902 /* GoogleService-Info.plist in Resources */ = {isa = PBXBuildFile; fileRef = 12C9F63F1ED866D400BB4902 /* GoogleService-Info.plist */; };
		12D2F42F1EE85C3200207311 /* ContTableViewController.swift in Sources */ = {isa = PBXBuildFile; fileRef = 12D2F42E1EE85C3200207311 /* ContTableViewController.swift */; };
		12D2F4311EE9419300207311 /* SettingsViewController.swift in Sources */ = {isa = PBXBuildFile; fileRef = 12D2F4301EE9419300207311 /* SettingsViewController.swift */; };
		12D2F4351EE943DF00207311 /* Contacts.swift in Sources */ = {isa = PBXBuildFile; fileRef = 12D2F4341EE943DF00207311 /* Contacts.swift */; };
		12D2F4381EE984F500207311 /* CUAnnotationView.swift in Sources */ = {isa = PBXBuildFile; fileRef = 12D2F4371EE984F500207311 /* CUAnnotationView.swift */; };
		12D2F43A1EE98E6100207311 /* CUCamsAnnotation.swift in Sources */ = {isa = PBXBuildFile; fileRef = 12D2F4391EE98E6100207311 /* CUCamsAnnotation.swift */; };
		12D2F43E1EE9954700207311 /* CUDetailCamView.swift in Sources */ = {isa = PBXBuildFile; fileRef = 12D2F43D1EE9954700207311 /* CUDetailCamView.swift */; };
		12F7B6B51ED75A0400B877A0 /* AppDelegate.swift in Sources */ = {isa = PBXBuildFile; fileRef = 12F7B6B41ED75A0400B877A0 /* AppDelegate.swift */; };
		12F7B6B71ED75A0400B877A0 /* LoginViewController.swift in Sources */ = {isa = PBXBuildFile; fileRef = 12F7B6B61ED75A0400B877A0 /* LoginViewController.swift */; };
		12F7B6BA1ED75A0400B877A0 /* Main.storyboard in Resources */ = {isa = PBXBuildFile; fileRef = 12F7B6B81ED75A0400B877A0 /* Main.storyboard */; };
		12F7B6BC1ED75A0400B877A0 /* Assets.xcassets in Resources */ = {isa = PBXBuildFile; fileRef = 12F7B6BB1ED75A0400B877A0 /* Assets.xcassets */; };
		12F7B6BF1ED75A0400B877A0 /* LaunchScreen.storyboard in Resources */ = {isa = PBXBuildFile; fileRef = 12F7B6BD1ED75A0400B877A0 /* LaunchScreen.storyboard */; };
		12F7B6C81ED75CE000B877A0 /* MapViewController.swift in Sources */ = {isa = PBXBuildFile; fileRef = 12F7B6C71ED75CE000B877A0 /* MapViewController.swift */; };
		12F7B6CA1ED75E3F00B877A0 /* Person.swift in Sources */ = {isa = PBXBuildFile; fileRef = 12F7B6C91ED75E3F00B877A0 /* Person.swift */; };
		12F7B6CE1ED76AC300B877A0 /* LoginStorage.swift in Sources */ = {isa = PBXBuildFile; fileRef = 12F7B6CD1ED76AC300B877A0 /* LoginStorage.swift */; };
		12FCF13D1EE70FB100A4A530 /* Utils.swift in Sources */ = {isa = PBXBuildFile; fileRef = 12FCF13C1EE70FB100A4A530 /* Utils.swift */; };
		12FCF13F1EE765C900A4A530 /* AddPhotoViewController.swift in Sources */ = {isa = PBXBuildFile; fileRef = 12FCF13E1EE765C900A4A530 /* AddPhotoViewController.swift */; };
		F475D383DBD78A0A16B2FCBB /* Pods_WhereMyFriends.framework in Frameworks */ = {isa = PBXBuildFile; fileRef = E175310B6E8EEE95EFCF85EE /* Pods_WhereMyFriends.framework */; };
/* End PBXBuildFile section */

/* Begin PBXFileReference section */
		1230C9421EE9AAF400A4FF63 /* CUDetailCamView.xib */ = {isa = PBXFileReference; fileEncoding = 4; lastKnownFileType = file.xib; path = CUDetailCamView.xib; sourceTree = "<group>"; };
		1277AF0F1EEB08F700EE9EF8 /* MapKit.framework */ = {isa = PBXFileReference; lastKnownFileType = wrapper.framework; name = MapKit.framework; path = System/Library/Frameworks/MapKit.framework; sourceTree = SDKROOT; };
		129209731EE0ACD100F9CCE0 /* Login.storyboard */ = {isa = PBXFileReference; fileEncoding = 4; lastKnownFileType = file.storyboard; path = Login.storyboard; sourceTree = "<group>"; };
		12C9F63D1ED834B500BB4902 /* SMSViewController.swift */ = {isa = PBXFileReference; fileEncoding = 4; lastKnownFileType = sourcecode.swift; path = SMSViewController.swift; sourceTree = "<group>"; };
		12C9F63F1ED866D400BB4902 /* GoogleService-Info.plist */ = {isa = PBXFileReference; fileEncoding = 4; lastKnownFileType = text.plist.xml; path = "GoogleService-Info.plist"; sourceTree = "<group>"; };
		12D2F42E1EE85C3200207311 /* ContTableViewController.swift */ = {isa = PBXFileReference; fileEncoding = 4; lastKnownFileType = sourcecode.swift; path = ContTableViewController.swift; sourceTree = "<group>"; };
		12D2F4301EE9419300207311 /* SettingsViewController.swift */ = {isa = PBXFileReference; fileEncoding = 4; lastKnownFileType = sourcecode.swift; path = SettingsViewController.swift; sourceTree = "<group>"; };
		12D2F4341EE943DF00207311 /* Contacts.swift */ = {isa = PBXFileReference; fileEncoding = 4; lastKnownFileType = sourcecode.swift; path = Contacts.swift; sourceTree = "<group>"; };
		12D2F4371EE984F500207311 /* CUAnnotationView.swift */ = {isa = PBXFileReference; fileEncoding = 4; lastKnownFileType = sourcecode.swift; path = CUAnnotationView.swift; sourceTree = "<group>"; };
		12D2F4391EE98E6100207311 /* CUCamsAnnotation.swift */ = {isa = PBXFileReference; fileEncoding = 4; lastKnownFileType = sourcecode.swift; path = CUCamsAnnotation.swift; sourceTree = "<group>"; };
		12D2F43D1EE9954700207311 /* CUDetailCamView.swift */ = {isa = PBXFileReference; fileEncoding = 4; lastKnownFileType = sourcecode.swift; path = CUDetailCamView.swift; sourceTree = "<group>"; };
		12F7B6B11ED75A0400B877A0 /* WhereMyFriends.app */ = {isa = PBXFileReference; explicitFileType = wrapper.application; includeInIndex = 0; path = WhereMyFriends.app; sourceTree = BUILT_PRODUCTS_DIR; };
		12F7B6B41ED75A0400B877A0 /* AppDelegate.swift */ = {isa = PBXFileReference; lastKnownFileType = sourcecode.swift; path = AppDelegate.swift; sourceTree = "<group>"; };
		12F7B6B61ED75A0400B877A0 /* LoginViewController.swift */ = {isa = PBXFileReference; lastKnownFileType = sourcecode.swift; path = LoginViewController.swift; sourceTree = "<group>"; };
		12F7B6B91ED75A0400B877A0 /* Base */ = {isa = PBXFileReference; lastKnownFileType = file.storyboard; name = Base; path = Base.lproj/Main.storyboard; sourceTree = "<group>"; };
		12F7B6BB1ED75A0400B877A0 /* Assets.xcassets */ = {isa = PBXFileReference; lastKnownFileType = folder.assetcatalog; path = Assets.xcassets; sourceTree = "<group>"; };
		12F7B6BE1ED75A0400B877A0 /* Base */ = {isa = PBXFileReference; lastKnownFileType = file.storyboard; name = Base; path = Base.lproj/LaunchScreen.storyboard; sourceTree = "<group>"; };
		12F7B6C01ED75A0400B877A0 /* Info.plist */ = {isa = PBXFileReference; lastKnownFileType = text.plist.xml; path = Info.plist; sourceTree = "<group>"; };
		12F7B6C71ED75CE000B877A0 /* MapViewController.swift */ = {isa = PBXFileReference; fileEncoding = 4; lastKnownFileType = sourcecode.swift; path = MapViewController.swift; sourceTree = "<group>"; };
		12F7B6C91ED75E3F00B877A0 /* Person.swift */ = {isa = PBXFileReference; fileEncoding = 4; lastKnownFileType = sourcecode.swift; path = Person.swift; sourceTree = "<group>"; };
		12F7B6CD1ED76AC300B877A0 /* LoginStorage.swift */ = {isa = PBXFileReference; fileEncoding = 4; lastKnownFileType = sourcecode.swift; path = LoginStorage.swift; sourceTree = "<group>"; };
		12FCF13C1EE70FB100A4A530 /* Utils.swift */ = {isa = PBXFileReference; fileEncoding = 4; lastKnownFileType = sourcecode.swift; path = Utils.swift; sourceTree = "<group>"; };
		12FCF13E1EE765C900A4A530 /* AddPhotoViewController.swift */ = {isa = PBXFileReference; fileEncoding = 4; lastKnownFileType = sourcecode.swift; path = AddPhotoViewController.swift; sourceTree = "<group>"; };
		C3814FD2773EBCF008D14051 /* Pods-WhereMyFriends.release.xcconfig */ = {isa = PBXFileReference; includeInIndex = 1; lastKnownFileType = text.xcconfig; name = "Pods-WhereMyFriends.release.xcconfig"; path = "Pods/Target Support Files/Pods-WhereMyFriends/Pods-WhereMyFriends.release.xcconfig"; sourceTree = "<group>"; };
		E175310B6E8EEE95EFCF85EE /* Pods_WhereMyFriends.framework */ = {isa = PBXFileReference; explicitFileType = wrapper.framework; includeInIndex = 0; path = Pods_WhereMyFriends.framework; sourceTree = BUILT_PRODUCTS_DIR; };
		F95707286943335D3A2ED53C /* Pods-WhereMyFriends.debug.xcconfig */ = {isa = PBXFileReference; includeInIndex = 1; lastKnownFileType = text.xcconfig; name = "Pods-WhereMyFriends.debug.xcconfig"; path = "Pods/Target Support Files/Pods-WhereMyFriends/Pods-WhereMyFriends.debug.xcconfig"; sourceTree = "<group>"; };
/* End PBXFileReference section */

/* Begin PBXFrameworksBuildPhase section */
		12F7B6AE1ED75A0400B877A0 /* Frameworks */ = {
			isa = PBXFrameworksBuildPhase;
			buildActionMask = 2147483647;
			files = (
				1277AF101EEB08F700EE9EF8 /* MapKit.framework in Frameworks */,
				F475D383DBD78A0A16B2FCBB /* Pods_WhereMyFriends.framework in Frameworks */,
			);
			runOnlyForDeploymentPostprocessing = 0;
		};
/* End PBXFrameworksBuildPhase section */

/* Begin PBXGroup section */
		1085C3781B2DF75C7B4E3506 /* Pods */ = {
			isa = PBXGroup;
			children = (
				F95707286943335D3A2ED53C /* Pods-WhereMyFriends.debug.xcconfig */,
				C3814FD2773EBCF008D14051 /* Pods-WhereMyFriends.release.xcconfig */,
			);
			name = Pods;
			sourceTree = "<group>";
		};
		121E81511EE15B0400E06F5D /* Main */ = {
			isa = PBXGroup;
			children = (
				12F7B6C71ED75CE000B877A0 /* MapViewController.swift */,
				12D2F42E1EE85C3200207311 /* ContTableViewController.swift */,
				12D2F4301EE9419300207311 /* SettingsViewController.swift */,
			);
			name = Main;
			sourceTree = "<group>";
		};
		121E81521EE15B1600E06F5D /* Login */ = {
			isa = PBXGroup;
			children = (
				12F7B6B61ED75A0400B877A0 /* LoginViewController.swift */,
				12C9F63D1ED834B500BB4902 /* SMSViewController.swift */,
				12FCF13E1EE765C900A4A530 /* AddPhotoViewController.swift */,
			);
			name = Login;
			sourceTree = "<group>";
		};
		121E81531EE15C8E00E06F5D /* Storyboard */ = {
			isa = PBXGroup;
			children = (
				12F7B6B81ED75A0400B877A0 /* Main.storyboard */,
				12F7B6BD1ED75A0400B877A0 /* LaunchScreen.storyboard */,
				129209731EE0ACD100F9CCE0 /* Login.storyboard */,
			);
			name = Storyboard;
			sourceTree = "<group>";
		};
		12C9F63C1ED8348A00BB4902 /* Controller */ = {
			isa = PBXGroup;
			children = (
				12D2F4361EE984E400207311 /* Custom */,
				121E81521EE15B1600E06F5D /* Login */,
				121E81511EE15B0400E06F5D /* Main */,
			);
			name = Controller;
			sourceTree = "<group>";
		};
		12D2F4321EE943B100207311 /* Model */ = {
			isa = PBXGroup;
			children = (
				12D2F4341EE943DF00207311 /* Contacts.swift */,
			);
			name = Model;
			sourceTree = "<group>";
		};
		12D2F4361EE984E400207311 /* Custom */ = {
			isa = PBXGroup;
			children = (
				12D2F4371EE984F500207311 /* CUAnnotationView.swift */,
				12D2F4391EE98E6100207311 /* CUCamsAnnotation.swift */,
				12D2F43D1EE9954700207311 /* CUDetailCamView.swift */,
				1230C9421EE9AAF400A4FF63 /* CUDetailCamView.xib */,
			);
			name = Custom;
			sourceTree = "<group>";
		};
		12F7B6A81ED75A0400B877A0 = {
			isa = PBXGroup;
			children = (
				12F7B6B31ED75A0400B877A0 /* WhereMyFriends */,
				12F7B6B21ED75A0400B877A0 /* Products */,
				1085C3781B2DF75C7B4E3506 /* Pods */,
				7E2279A17CC4DB0FFDAFB176 /* Frameworks */,
			);
			sourceTree = "<group>";
		};
		12F7B6B21ED75A0400B877A0 /* Products */ = {
			isa = PBXGroup;
			children = (
				12F7B6B11ED75A0400B877A0 /* WhereMyFriends.app */,
			);
			name = Products;
			sourceTree = "<group>";
		};
		12F7B6B31ED75A0400B877A0 /* WhereMyFriends */ = {
			isa = PBXGroup;
			children = (
				121E81531EE15C8E00E06F5D /* Storyboard */,
				12F7B6C61ED75A4600B877A0 /* Classes */,
				12F7B6B41ED75A0400B877A0 /* AppDelegate.swift */,
				12F7B6BB1ED75A0400B877A0 /* Assets.xcassets */,
				12F7B6C01ED75A0400B877A0 /* Info.plist */,
				12C9F63F1ED866D400BB4902 /* GoogleService-Info.plist */,
			);
			path = WhereMyFriends;
			sourceTree = "<group>";
		};
		12F7B6C61ED75A4600B877A0 /* Classes */ = {
			isa = PBXGroup;
			children = (
				12D2F4321EE943B100207311 /* Model */,
				12C9F63C1ED8348A00BB4902 /* Controller */,
				12F7B6CC1ED76A9800B877A0 /* Utils */,
				12F7B6CB1ED7616F00B877A0 /* Entities */,
			);
			name = Classes;
			sourceTree = "<group>";
		};
		12F7B6CB1ED7616F00B877A0 /* Entities */ = {
			isa = PBXGroup;
			children = (
				12F7B6C91ED75E3F00B877A0 /* Person.swift */,
			);
			name = Entities;
			sourceTree = "<group>";
		};
		12F7B6CC1ED76A9800B877A0 /* Utils */ = {
			isa = PBXGroup;
			children = (
				12F7B6CD1ED76AC300B877A0 /* LoginStorage.swift */,
				12FCF13C1EE70FB100A4A530 /* Utils.swift */,
			);
			name = Utils;
			sourceTree = "<group>";
		};
		7E2279A17CC4DB0FFDAFB176 /* Frameworks */ = {
			isa = PBXGroup;
			children = (
				1277AF0F1EEB08F700EE9EF8 /* MapKit.framework */,
				E175310B6E8EEE95EFCF85EE /* Pods_WhereMyFriends.framework */,
			);
			name = Frameworks;
			sourceTree = "<group>";
		};
/* End PBXGroup section */

/* Begin PBXNativeTarget section */
		12F7B6B01ED75A0400B877A0 /* WhereMyFriends */ = {
			isa = PBXNativeTarget;
			buildConfigurationList = 12F7B6C31ED75A0400B877A0 /* Build configuration list for PBXNativeTarget "WhereMyFriends" */;
			buildPhases = (
				6532B50C124928C60A4B4C8D /* [CP] Check Pods Manifest.lock */,
				12F7B6AD1ED75A0400B877A0 /* Sources */,
				12F7B6AE1ED75A0400B877A0 /* Frameworks */,
				12F7B6AF1ED75A0400B877A0 /* Resources */,
				16849A82AC18C0F04C56F4AA /* [CP] Embed Pods Frameworks */,
				7EE75233295CFED0A1146C3B /* [CP] Copy Pods Resources */,
			);
			buildRules = (
			);
			dependencies = (
			);
			name = WhereMyFriends;
			productName = WhereMyFriends;
			productReference = 12F7B6B11ED75A0400B877A0 /* WhereMyFriends.app */;
			productType = "com.apple.product-type.application";
		};
/* End PBXNativeTarget section */

/* Begin PBXProject section */
		12F7B6A91ED75A0400B877A0 /* Project object */ = {
			isa = PBXProject;
			attributes = {
				LastSwiftUpdateCheck = 0830;
				LastUpgradeCheck = 0830;
				ORGANIZATIONNAME = "Anton Pavlov";
				TargetAttributes = {
					12F7B6B01ED75A0400B877A0 = {
						CreatedOnToolsVersion = 8.3.2;
						DevelopmentTeam = W76ZQSY64Q;
						ProvisioningStyle = Automatic;
						SystemCapabilities = {
							com.apple.Maps.iOS = {
								enabled = 1;
							};
						};
					};
				};
			};
			buildConfigurationList = 12F7B6AC1ED75A0400B877A0 /* Build configuration list for PBXProject "WhereMyFriends" */;
			compatibilityVersion = "Xcode 3.2";
			developmentRegion = English;
			hasScannedForEncodings = 0;
			knownRegions = (
				en,
				Base,
			);
			mainGroup = 12F7B6A81ED75A0400B877A0;
			productRefGroup = 12F7B6B21ED75A0400B877A0 /* Products */;
			projectDirPath = "";
			projectRoot = "";
			targets = (
				12F7B6B01ED75A0400B877A0 /* WhereMyFriends */,
			);
		};
/* End PBXProject section */

/* Begin PBXResourcesBuildPhase section */
		12F7B6AF1ED75A0400B877A0 /* Resources */ = {
			isa = PBXResourcesBuildPhase;
			buildActionMask = 2147483647;
			files = (
				12F7B6BF1ED75A0400B877A0 /* LaunchScreen.storyboard in Resources */,
				12C9F6401ED866D400BB4902 /* GoogleService-Info.plist in Resources */,
				1230C9431EE9AAF400A4FF63 /* CUDetailCamView.xib in Resources */,
				12F7B6BC1ED75A0400B877A0 /* Assets.xcassets in Resources */,
				129209741EE0ACD100F9CCE0 /* Login.storyboard in Resources */,
				12F7B6BA1ED75A0400B877A0 /* Main.storyboard in Resources */,
			);
			runOnlyForDeploymentPostprocessing = 0;
		};
/* End PBXResourcesBuildPhase section */

/* Begin PBXShellScriptBuildPhase section */
		16849A82AC18C0F04C56F4AA /* [CP] Embed Pods Frameworks */ = {
			isa = PBXShellScriptBuildPhase;
			buildActionMask = 2147483647;
			files = (
			);
			inputPaths = (
			);
			name = "[CP] Embed Pods Frameworks";
			outputPaths = (
			);
			runOnlyForDeploymentPostprocessing = 0;
			shellPath = /bin/sh;
			shellScript = "\"${SRCROOT}/Pods/Target Support Files/Pods-WhereMyFriends/Pods-WhereMyFriends-frameworks.sh\"\n";
			showEnvVarsInLog = 0;
		};
		6532B50C124928C60A4B4C8D /* [CP] Check Pods Manifest.lock */ = {
			isa = PBXShellScriptBuildPhase;
			buildActionMask = 2147483647;
			files = (
			);
			inputPaths = (
			);
			name = "[CP] Check Pods Manifest.lock";
			outputPaths = (
			);
			runOnlyForDeploymentPostprocessing = 0;
			shellPath = /bin/sh;
			shellScript = "diff \"${PODS_PODFILE_DIR_PATH}/Podfile.lock\" \"${PODS_ROOT}/Manifest.lock\" > /dev/null\nif [ $? != 0 ] ; then\n    # print error to STDERR\n    echo \"error: The sandbox is not in sync with the Podfile.lock. Run 'pod install' or update your CocoaPods installation.\" >&2\n    exit 1\nfi\n";
			showEnvVarsInLog = 0;
		};
		7EE75233295CFED0A1146C3B /* [CP] Copy Pods Resources */ = {
			isa = PBXShellScriptBuildPhase;
			buildActionMask = 2147483647;
			files = (
			);
			inputPaths = (
			);
			name = "[CP] Copy Pods Resources";
			outputPaths = (
			);
			runOnlyForDeploymentPostprocessing = 0;
			shellPath = /bin/sh;
			shellScript = "\"${SRCROOT}/Pods/Target Support Files/Pods-WhereMyFriends/Pods-WhereMyFriends-resources.sh\"\n";
			showEnvVarsInLog = 0;
		};
/* End PBXShellScriptBuildPhase section */

/* Begin PBXSourcesBuildPhase section */
		12F7B6AD1ED75A0400B877A0 /* Sources */ = {
			isa = PBXSourcesBuildPhase;
			buildActionMask = 2147483647;
			files = (
				12F7B6CA1ED75E3F00B877A0 /* Person.swift in Sources */,
				12D2F43E1EE9954700207311 /* CUDetailCamView.swift in Sources */,
				12FCF13D1EE70FB100A4A530 /* Utils.swift in Sources */,
				12D2F43A1EE98E6100207311 /* CUCamsAnnotation.swift in Sources */,
				12D2F42F1EE85C3200207311 /* ContTableViewController.swift in Sources */,
				12D2F4381EE984F500207311 /* CUAnnotationView.swift in Sources */,
				12D2F4311EE9419300207311 /* SettingsViewController.swift in Sources */,
				12F7B6CE1ED76AC300B877A0 /* LoginStorage.swift in Sources */,
				12C9F63E1ED834B500BB4902 /* SMSViewController.swift in Sources */,
				12D2F4351EE943DF00207311 /* Contacts.swift in Sources */,
				12F7B6C81ED75CE000B877A0 /* MapViewController.swift in Sources */,
				12F7B6B71ED75A0400B877A0 /* LoginViewController.swift in Sources */,
				12FCF13F1EE765C900A4A530 /* AddPhotoViewController.swift in Sources */,
				12F7B6B51ED75A0400B877A0 /* AppDelegate.swift in Sources */,
			);
			runOnlyForDeploymentPostprocessing = 0;
		};
/* End PBXSourcesBuildPhase section */

/* Begin PBXVariantGroup section */
		12F7B6B81ED75A0400B877A0 /* Main.storyboard */ = {
			isa = PBXVariantGroup;
			children = (
				12F7B6B91ED75A0400B877A0 /* Base */,
			);
			name = Main.storyboard;
			sourceTree = "<group>";
		};
		12F7B6BD1ED75A0400B877A0 /* LaunchScreen.storyboard */ = {
			isa = PBXVariantGroup;
			children = (
				12F7B6BE1ED75A0400B877A0 /* Base */,
			);
			name = LaunchScreen.storyboard;
			sourceTree = "<group>";
		};
/* End PBXVariantGroup section */

/* Begin XCBuildConfiguration section */
		12F7B6C11ED75A0400B877A0 /* Debug */ = {
			isa = XCBuildConfiguration;
			buildSettings = {
				ALWAYS_SEARCH_USER_PATHS = NO;
				CLANG_ANALYZER_NONNULL = YES;
				CLANG_ANALYZER_NUMBER_OBJECT_CONVERSION = YES_AGGRESSIVE;
				CLANG_CXX_LANGUAGE_STANDARD = "gnu++0x";
				CLANG_CXX_LIBRARY = "libc++";
				CLANG_ENABLE_MODULES = YES;
				CLANG_ENABLE_OBJC_ARC = YES;
				CLANG_WARN_BOOL_CONVERSION = YES;
				CLANG_WARN_CONSTANT_CONVERSION = YES;
				CLANG_WARN_DIRECT_OBJC_ISA_USAGE = YES_ERROR;
				CLANG_WARN_DOCUMENTATION_COMMENTS = YES;
				CLANG_WARN_EMPTY_BODY = YES;
				CLANG_WARN_ENUM_CONVERSION = YES;
				CLANG_WARN_INFINITE_RECURSION = YES;
				CLANG_WARN_INT_CONVERSION = YES;
				CLANG_WARN_OBJC_ROOT_CLASS = YES_ERROR;
				CLANG_WARN_SUSPICIOUS_MOVE = YES;
				CLANG_WARN_UNREACHABLE_CODE = YES;
				CLANG_WARN__DUPLICATE_METHOD_MATCH = YES;
				"CODE_SIGN_IDENTITY[sdk=iphoneos*]" = "iPhone Developer";
				COPY_PHASE_STRIP = NO;
				DEBUG_INFORMATION_FORMAT = dwarf;
				ENABLE_STRICT_OBJC_MSGSEND = YES;
				ENABLE_TESTABILITY = YES;
				GCC_C_LANGUAGE_STANDARD = gnu99;
				GCC_DYNAMIC_NO_PIC = NO;
				GCC_NO_COMMON_BLOCKS = YES;
				GCC_OPTIMIZATION_LEVEL = 0;
				GCC_PREPROCESSOR_DEFINITIONS = (
					"DEBUG=1",
					"$(inherited)",
				);
				GCC_WARN_64_TO_32_BIT_CONVERSION = YES;
				GCC_WARN_ABOUT_RETURN_TYPE = YES_ERROR;
				GCC_WARN_UNDECLARED_SELECTOR = YES;
				GCC_WARN_UNINITIALIZED_AUTOS = YES_AGGRESSIVE;
				GCC_WARN_UNUSED_FUNCTION = YES;
				GCC_WARN_UNUSED_VARIABLE = YES;
				IPHONEOS_DEPLOYMENT_TARGET = 9.0;
				MTL_ENABLE_DEBUG_INFO = YES;
				ONLY_ACTIVE_ARCH = YES;
				SDKROOT = iphoneos;
				SWIFT_ACTIVE_COMPILATION_CONDITIONS = DEBUG;
				SWIFT_OPTIMIZATION_LEVEL = "-Onone";
				TARGETED_DEVICE_FAMILY = "1,2";
			};
			name = Debug;
		};
		12F7B6C21ED75A0400B877A0 /* Release */ = {
			isa = XCBuildConfiguration;
			buildSettings = {
				ALWAYS_SEARCH_USER_PATHS = NO;
				CLANG_ANALYZER_NONNULL = YES;
				CLANG_ANALYZER_NUMBER_OBJECT_CONVERSION = YES_AGGRESSIVE;
				CLANG_CXX_LANGUAGE_STANDARD = "gnu++0x";
				CLANG_CXX_LIBRARY = "libc++";
				CLANG_ENABLE_MODULES = YES;
				CLANG_ENABLE_OBJC_ARC = YES;
				CLANG_WARN_BOOL_CONVERSION = YES;
				CLANG_WARN_CONSTANT_CONVERSION = YES;
				CLANG_WARN_DIRECT_OBJC_ISA_USAGE = YES_ERROR;
				CLANG_WARN_DOCUMENTATION_COMMENTS = YES;
				CLANG_WARN_EMPTY_BODY = YES;
				CLANG_WARN_ENUM_CONVERSION = YES;
				CLANG_WARN_INFINITE_RECURSION = YES;
				CLANG_WARN_INT_CONVERSION = YES;
				CLANG_WARN_OBJC_ROOT_CLASS = YES_ERROR;
				CLANG_WARN_SUSPICIOUS_MOVE = YES;
				CLANG_WARN_UNREACHABLE_CODE = YES;
				CLANG_WARN__DUPLICATE_METHOD_MATCH = YES;
				"CODE_SIGN_IDENTITY[sdk=iphoneos*]" = "iPhone Developer";
				COPY_PHASE_STRIP = NO;
				DEBUG_INFORMATION_FORMAT = "dwarf-with-dsym";
				ENABLE_NS_ASSERTIONS = NO;
				ENABLE_STRICT_OBJC_MSGSEND = YES;
				GCC_C_LANGUAGE_STANDARD = gnu99;
				GCC_NO_COMMON_BLOCKS = YES;
				GCC_WARN_64_TO_32_BIT_CONVERSION = YES;
				GCC_WARN_ABOUT_RETURN_TYPE = YES_ERROR;
				GCC_WARN_UNDECLARED_SELECTOR = YES;
				GCC_WARN_UNINITIALIZED_AUTOS = YES_AGGRESSIVE;
				GCC_WARN_UNUSED_FUNCTION = YES;
				GCC_WARN_UNUSED_VARIABLE = YES;
				IPHONEOS_DEPLOYMENT_TARGET = 9.0;
				MTL_ENABLE_DEBUG_INFO = NO;
				SDKROOT = iphoneos;
				SWIFT_OPTIMIZATION_LEVEL = "-Owholemodule";
				TARGETED_DEVICE_FAMILY = "1,2";
				VALIDATE_PRODUCT = YES;
			};
			name = Release;
		};
		12F7B6C41ED75A0400B877A0 /* Debug */ = {
			isa = XCBuildConfiguration;
			baseConfigurationReference = F95707286943335D3A2ED53C /* Pods-WhereMyFriends.debug.xcconfig */;
			buildSettings = {
				ASSETCATALOG_COMPILER_APPICON_NAME = AppIcon;
				DEVELOPMENT_TEAM = W76ZQSY64Q;
				INFOPLIST_FILE = WhereMyFriends/Info.plist;
				IPHONEOS_DEPLOYMENT_TARGET = 10.0;
				LD_RUNPATH_SEARCH_PATHS = "$(inherited) @executable_path/Frameworks";
				PRODUCT_BUNDLE_IDENTIFIER = su.bbrains.WhereMyFriends;
				PRODUCT_NAME = "$(TARGET_NAME)";
				SWIFT_VERSION = 3.0;
			};
			name = Debug;
		};
		12F7B6C51ED75A0400B877A0 /* Release */ = {
			isa = XCBuildConfiguration;
			baseConfigurationReference = C3814FD2773EBCF008D14051 /* Pods-WhereMyFriends.release.xcconfig */;
			buildSettings = {
				ASSETCATALOG_COMPILER_APPICON_NAME = AppIcon;
				DEVELOPMENT_TEAM = W76ZQSY64Q;
				INFOPLIST_FILE = WhereMyFriends/Info.plist;
				IPHONEOS_DEPLOYMENT_TARGET = 10.0;
				LD_RUNPATH_SEARCH_PATHS = "$(inherited) @executable_path/Frameworks";
				PRODUCT_BUNDLE_IDENTIFIER = su.bbrains.WhereMyFriends;
				PRODUCT_NAME = "$(TARGET_NAME)";
				SWIFT_VERSION = 3.0;
			};
			name = Release;
		};
/* End XCBuildConfiguration section */

/* Begin XCConfigurationList section */
		12F7B6AC1ED75A0400B877A0 /* Build configuration list for PBXProject "WhereMyFriends" */ = {
			isa = XCConfigurationList;
			buildConfigurations = (
				12F7B6C11ED75A0400B877A0 /* Debug */,
				12F7B6C21ED75A0400B877A0 /* Release */,
			);
			defaultConfigurationIsVisible = 0;
			defaultConfigurationName = Release;
		};
		12F7B6C31ED75A0400B877A0 /* Build configuration list for PBXNativeTarget "WhereMyFriends" */ = {
			isa = XCConfigurationList;
			buildConfigurations = (
				12F7B6C41ED75A0400B877A0 /* Debug */,
				12F7B6C51ED75A0400B877A0 /* Release */,
			);
			defaultConfigurationIsVisible = 0;
			defaultConfigurationName = Release;
		};
/* End XCConfigurationList section */
	};
	rootObject = 12F7B6A91ED75A0400B877A0 /* Project object */;
}
